
Microsoft Visual Studio Solution File, Format Version 11.00
# Visual Studio 2010
Project("{FAE04EC0-301F-11D3-BF4B-00C04F79EFBC}") = "Assembly-CSharp-firstpass", "Assembly-CSharp-firstpass.csproj", "{4F0232A3-9052-061A-3B75-80C1964233DD}"
EndProject
Project("{FAE04EC0-301F-11D3-BF4B-00C04F79EFBC}") = "Assembly-CSharp", "Assembly-CSharp.csproj", "{E2C11FA0-A1D4-0181-AF47-B9CF0069BCD4}"
EndProject
Project("{FAE04EC0-301F-11D3-BF4B-00C04F79EFBC}") = "Assembly-CSharp-Editor-firstpass", "Assembly-CSharp-Editor-firstpass.csproj", "{1A5CBD1A-A1AD-B18B-916B-B82DC09E1A97}"
EndProject
Global
	GlobalSection(SolutionConfigurationPlatforms) = preSolution
		Debug|Any CPU = Debug|Any CPU
		Release|Any CPU = Release|Any CPU
	EndGlobalSection
	GlobalSection(ProjectConfigurationPlatforms) = postSolution
		{4F0232A3-9052-061A-3B75-80C1964233DD}.Debug|Any CPU.ActiveCfg = Debug|Any CPU
		{4F0232A3-9052-061A-3B75-80C1964233DD}.Debug|Any CPU.Build.0 = Debug|Any CPU
		{4F0232A3-9052-061A-3B75-80C1964233DD}.Release|Any CPU.ActiveCfg = Release|Any CPU
		{4F0232A3-9052-061A-3B75-80C1964233DD}.Release|Any CPU.Build.0 = Release|Any CPU
		{E2C11FA0-A1D4-0181-AF47-B9CF0069BCD4}.Debug|Any CPU.ActiveCfg = Debug|Any CPU
		{E2C11FA0-A1D4-0181-AF47-B9CF0069BCD4}.Debug|Any CPU.Build.0 = Debug|Any CPU
		{E2C11FA0-A1D4-0181-AF47-B9CF0069BCD4}.Release|Any CPU.ActiveCfg = Release|Any CPU
		{E2C11FA0-A1D4-0181-AF47-B9CF0069BCD4}.Release|Any CPU.Build.0 = Release|Any CPU
		{1A5CBD1A-A1AD-B18B-916B-B82DC09E1A97}.Debug|Any CPU.ActiveCfg = Debug|Any CPU
		{1A5CBD1A-A1AD-B18B-916B-B82DC09E1A97}.Debug|Any CPU.Build.0 = Debug|Any CPU
		{1A5CBD1A-A1AD-B18B-916B-B82DC09E1A97}.Release|Any CPU.ActiveCfg = Release|Any CPU
		{1A5CBD1A-A1AD-B18B-916B-B82DC09E1A97}.Release|Any CPU.Build.0 = Release|Any CPU
	EndGlobalSection
	GlobalSection(SolutionProperties) = preSolution
		HideSolutionNode = FALSE
	EndGlobalSection
	GlobalSection(MonoDevelopProperties) = preSolution
		StartupItem = Assembly-CSharp.csproj
	EndGlobalSection
EndGlobal
